{
  "name": "OctoLinker",
  "version": "4.5.0",
  "dependencies": {
    "babel-polyfill": {
      "version": "6.16.0",
      "from": "babel-polyfill@>=6.16.0 <7.0.0",
      "resolved": "http://registry.npmjs.org/babel-polyfill/-/babel-polyfill-6.16.0.tgz"
    },
    "babel-runtime": {
      "version": "6.18.0",
      "from": "babel-runtime@>=6.9.1 <7.0.0",
      "resolved": "http://registry.npmjs.org/babel-runtime/-/babel-runtime-6.18.0.tgz"
    },
    "builtins": {
      "version": "1.0.3",
      "from": "builtins@>=1.0.3 <2.0.0",
      "resolved": "https://registry.npmjs.org/builtins/-/builtins-1.0.3.tgz"
    },
    "core-js": {
      "version": "2.4.1",
      "from": "core-js@>=2.4.0 <3.0.0",
      "resolved": "https://registry.npmjs.org/core-js/-/core-js-2.4.1.tgz"
    },
    "escape-regex-string": {
      "version": "1.0.4",
      "from": "escape-regex-string@>=1.0.4 <2.0.0",
      "resolved": "https://registry.npmjs.org/escape-regex-string/-/escape-regex-string-1.0.4.tgz"
    },
    "findandreplacedomtext": {
      "version": "0.4.4",
      "from": "findandreplacedomtext@>=0.4.4 <0.5.0",
      "resolved": "https://registry.npmjs.org/findandreplacedomtext/-/findandreplacedomtext-0.4.4.tgz"
    },
    "github-injection": {
      "version": "0.3.0",
      "from": "github-injection@>=0.3.0 <0.4.0",
      "resolved": "http://registry.npmjs.org/github-injection/-/github-injection-0.3.0.tgz"
    },
    "github-url-from-git": {
      "version": "1.5.0",
      "from": "github-url-from-git@>=1.5.0 <2.0.0",
      "resolved": "http://registry.npmjs.org/github-url-from-git/-/github-url-from-git-1.5.0.tgz"
    },
    "github-url-from-username-repo": {
      "version": "1.0.2",
      "from": "github-url-from-username-repo@>=1.0.2 <2.0.0",
      "resolved": "https://registry.npmjs.org/github-url-from-username-repo/-/github-url-from-username-repo-1.0.2.tgz"
    },
    "giturl": {
      "version": "1.0.0",
      "from": "giturl@>=1.0.0 <2.0.0",
      "resolved": "https://registry.npmjs.org/giturl/-/giturl-1.0.0.tgz"
    },
    "jquery": {
      "version": "3.1.1",
      "from": "jquery@>=3.1.1 <4.0.0",
      "resolved": "http://registry.npmjs.org/jquery/-/jquery-3.1.1.tgz"
    },
    "JSONPath": {
      "version": "0.11.2",
      "from": "JSONPath@>=0.11.2 <0.12.0",
      "resolved": "https://registry.npmjs.org/JSONPath/-/JSONPath-0.11.2.tgz"
    },
    "regenerator-runtime": {
      "version": "0.9.6",
      "from": "regenerator-runtime@>=0.9.5 <0.10.0",
      "resolved": "http://registry.npmjs.org/regenerator-runtime/-/regenerator-runtime-0.9.6.tgz"
    },
    "semver": {
      "version": "5.3.0",
      "from": "semver@>=5.1.0 <6.0.0",
      "resolved": "https://registry.npmjs.org/semver/-/semver-5.3.0.tgz"
    },
    "semver-regex": {
      "version": "1.0.0",
      "from": "semver-regex@>=1.0.0 <2.0.0",
      "resolved": "https://registry.npmjs.org/semver-regex/-/semver-regex-1.0.0.tgz"
    }
  }
}
